// !$*UTF8*$!
{
	archiveVersion = 1;
	classes = {
	};
	objectVersion = 46;
	objects = {

/* Begin PBXBuildFile section */
		66AF75601D6C33E100BC3F46 /* main.m in Sources */ = {isa = PBXBuildFile; fileRef = 66AF755F1D6C33E100BC3F46 /* main.m */; };
		66AF75631D6C33E100BC3F46 /* AppDelegate.m in Sources */ = {isa = PBXBuildFile; fileRef = 66AF75621D6C33E100BC3F46 /* AppDelegate.m */; };
		66AF75661D6C33E100BC3F46 /* ViewController.m in Sources */ = {isa = PBXBuildFile; fileRef = 66AF75651D6C33E100BC3F46 /* ViewController.m */; };
		66AF75691D6C33E100BC3F46 /* Main.storyboard in Resources */ = {isa = PBXBuildFile; fileRef = 66AF75671D6C33E100BC3F46 /* Main.storyboard */; };
		66AF756B1D6C33E100BC3F46 /* Assets.xcassets in Resources */ = {isa = PBXBuildFile; fileRef = 66AF756A1D6C33E100BC3F46 /* Assets.xcassets */; };
		66AF756E1D6C33E100BC3F46 /* LaunchScreen.storyboard in Resources */ = {isa = PBXBuildFile; fileRef = 66AF756C1D6C33E100BC3F46 /* LaunchScreen.storyboard */; };
		66AF75791D6C353B00BC3F46 /* FBSDKCoreKit.framework in Frameworks */ = {isa = PBXBuildFile; fileRef = 66AF75761D6C353B00BC3F46 /* FBSDKCoreKit.framework */; };
		66AF757A1D6C353B00BC3F46 /* FBSDKLoginKit.framework in Frameworks */ = {isa = PBXBuildFile; fileRef = 66AF75771D6C353B00BC3F46 /* FBSDKLoginKit.framework */; };
		66AF757B1D6C353B00BC3F46 /* FBSDKShareKit.framework in Frameworks */ = {isa = PBXBuildFile; fileRef = 66AF75781D6C353B00BC3F46 /* FBSDKShareKit.framework */; };
		66AF757D1D6C35AD00BC3F46 /* Bolts.framework in Frameworks */ = {isa = PBXBuildFile; fileRef = 66AF757C1D6C35AD00BC3F46 /* Bolts.framework */; };
/* End PBXBuildFile section */

/* Begin PBXFileReference section */
		66AF755B1D6C33E100BC3F46 /* facebook.app */ = {isa = PBXFileReference; explicitFileType = wrapper.application; includeInIndex = 0; path = facebook.app; sourceTree = BUILT_PRODUCTS_DIR; };
		66AF755F1D6C33E100BC3F46 /* main.m */ = {isa = PBXFileReference; lastKnownFileType = sourcecode.c.objc; path = main.m; sourceTree = "<group>"; };
		66AF75611D6C33E100BC3F46 /* AppDelegate.h */ = {isa = PBXFileReference; lastKnownFileType = sourcecode.c.h; path = AppDelegate.h; sourceTree = "<group>"; };
		66AF75621D6C33E100BC3F46 /* AppDelegate.m */ = {isa = PBXFileReference; lastKnownFileType = sourcecode.c.objc; path = AppDelegate.m; sourceTree = "<group>"; };
		66AF75641D6C33E100BC3F46 /* ViewController.h */ = {isa = PBXFileReference; lastKnownFileType = sourcecode.c.h; path = ViewController.h; sourceTree = "<group>"; };
		66AF75651D6C33E100BC3F46 /* ViewController.m */ = {isa = PBXFileReference; lastKnownFileType = sourcecode.c.objc; path = ViewController.m; sourceTree = "<group>"; };
		66AF75681D6C33E100BC3F46 /* Base */ = {isa = PBXFileReference; lastKnownFileType = file.storyboard; name = Base; path = Base.lproj/Main.storyboard; sourceTree = "<group>"; };
		66AF756A1D6C33E100BC3F46 /* Assets.xcassets */ = {isa = PBXFileReference; lastKnownFileType = folder.assetcatalog; path = Assets.xcassets; sourceTree = "<group>"; };
		66AF756D1D6C33E100BC3F46 /* Base */ = {isa = PBXFileReference; lastKnownFileType = file.storyboard; name = Base; path = Base.lproj/LaunchScreen.storyboard; sourceTree = "<group>"; };
		66AF756F1D6C33E100BC3F46 /* Info.plist */ = {isa = PBXFileReference; lastKnownFileType = text.plist.xml; path = Info.plist; sourceTree = "<group>"; };
		66AF75761D6C353B00BC3F46 /* FBSDKCoreKit.framework */ = {isa = PBXFileReference; lastKnownFileType = wrapper.framework; path = FBSDKCoreKit.framework; sourceTree = "<group>"; };
		66AF75771D6C353B00BC3F46 /* FBSDKLoginKit.framework */ = {isa = PBXFileReference; lastKnownFileType = wrapper.framework; path = FBSDKLoginKit.framework; sourceTree = "<group>"; };
		66AF75781D6C353B00BC3F46 /* FBSDKShareKit.framework */ = {isa = PBXFileReference; lastKnownFileType = wrapper.framework; path = FBSDKShareKit.framework; sourceTree = "<group>"; };
		66AF757C1D6C35AD00BC3F46 /* Bolts.framework */ = {isa = PBXFileReference; lastKnownFileType = wrapper.framework; path = Bolts.framework; sourceTree = "<group>"; };
/* End PBXFileReference section */

/* Begin PBXFrameworksBuildPhase section */
		66AF75581D6C33E100BC3F46 /* Frameworks */ = {
			isa = PBXFrameworksBuildPhase;
			buildActionMask = 2147483647;
			files = (
				66AF757A1D6C353B00BC3F46 /* FBSDKLoginKit.framework in Frameworks */,
				66AF75791D6C353B00BC3F46 /* FBSDKCoreKit.framework in Frameworks */,
				66AF757B1D6C353B00BC3F46 /* FBSDKShareKit.framework in Frameworks */,
				66AF757D1D6C35AD00BC3F46 /* Bolts.framework in Frameworks */,
			);
			runOnlyForDeploymentPostprocessing = 0;
		};
/* End PBXFrameworksBuildPhase section */

/* Begin PBXGroup section */
		66AF75521D6C33E100BC3F46 = {
			isa = PBXGroup;
			children = (
				66AF75751D6C340A00BC3F46 /* Framework */,
				66AF755D1D6C33E100BC3F46 /* facebook */,
				66AF755C1D6C33E100BC3F46 /* Products */,
			);
			sourceTree = "<group>";
		};
		66AF755C1D6C33E100BC3F46 /* Products */ = {
			isa = PBXGroup;
			children = (
				66AF755B1D6C33E100BC3F46 /* facebook.app */,
			);
			name = Products;
			sourceTree = "<group>";
		};
		66AF755D1D6C33E100BC3F46 /* facebook */ = {
			isa = PBXGroup;
			children = (
				66AF75611D6C33E100BC3F46 /* AppDelegate.h */,
				66AF75621D6C33E100BC3F46 /* AppDelegate.m */,
				66AF75641D6C33E100BC3F46 /* ViewController.h */,
				66AF75651D6C33E100BC3F46 /* ViewController.m */,
				66AF75671D6C33E100BC3F46 /* Main.storyboard */,
				66AF756A1D6C33E100BC3F46 /* Assets.xcassets */,
				66AF756C1D6C33E100BC3F46 /* LaunchScreen.storyboard */,
				66AF756F1D6C33E100BC3F46 /* Info.plist */,
				66AF755E1D6C33E100BC3F46 /* Supporting Files */,
			);
			path = facebook;
			sourceTree = "<group>";
		};
		66AF755E1D6C33E100BC3F46 /* Supporting Files */ = {
			isa = PBXGroup;
			children = (
				66AF755F1D6C33E100BC3F46 /* main.m */,
			);
			name = "Supporting Files";
			sourceTree = "<group>";
		};
		66AF75751D6C340A00BC3F46 /* Framework */ = {
			isa = PBXGroup;
			children = (
				66AF757C1D6C35AD00BC3F46 /* Bolts.framework */,
				66AF75761D6C353B00BC3F46 /* FBSDKCoreKit.framework */,
				66AF75771D6C353B00BC3F46 /* FBSDKLoginKit.framework */,
				66AF75781D6C353B00BC3F46 /* FBSDKShareKit.framework */,
			);
			name = Framework;
			path = facebook/Framework;
			sourceTree = "<group>";
		};
/* End PBXGroup section */

/* Begin PBXNativeTarget section */
		66AF755A1D6C33E100BC3F46 /* facebook */ = {
			isa = PBXNativeTarget;
			buildConfigurationList = 66AF75721D6C33E100BC3F46 /* Build configuration list for PBXNativeTarget "facebook" */;
			buildPhases = (
				66AF75571D6C33E100BC3F46 /* Sources */,
				66AF75581D6C33E100BC3F46 /* Frameworks */,
				66AF75591D6C33E100BC3F46 /* Resources */,
			);
			buildRules = (
			);
			dependencies = (
			);
			name = facebook;
			productName = facebook;
			productReference = 66AF755B1D6C33E100BC3F46 /* facebook.app */;
			productType = "com.apple.product-type.application";
		};
/* End PBXNativeTarget section */

/* Begin PBXProject section */
		66AF75531D6C33E100BC3F46 /* Project object */ = {
			isa = PBXProject;
			attributes = {
				LastUpgradeCheck = 0730;
				ORGANIZATIONNAME = "Haroun SMIDA";
				TargetAttributes = {
					66AF755A1D6C33E100BC3F46 = {
						CreatedOnToolsVersion = 7.3.1;
					};
				};
			};
			buildConfigurationList = 66AF75561D6C33E100BC3F46 /* Build configuration list for PBXProject "facebook" */;
			compatibilityVersion = "Xcode 3.2";
			developmentRegion = English;
			hasScannedForEncodings = 0;
			knownRegions = (
				en,
				Base,
			);
			mainGroup = 66AF75521D6C33E100BC3F46;
			productRefGroup = 66AF755C1D6C33E100BC3F46 /* Products */;
			projectDirPath = "";
			projectRoot = "";
			targets = (
				66AF755A1D6C33E100BC3F46 /* facebook */,
			);
		};
/* End PBXProject section */

/* Begin PBXResourcesBuildPhase section */
		66AF75591D6C33E100BC3F46 /* Resources */ = {
			isa = PBXResourcesBuildPhase;
			buildActionMask = 2147483647;
			files = (
				66AF756E1D6C33E100BC3F46 /* LaunchScreen.storyboard in Resources */,
				66AF756B1D6C33E100BC3F46 /* Assets.xcassets in Resources */,
				66AF75691D6C33E100BC3F46 /* Main.storyboard in Resources */,
			);
			runOnlyForDeploymentPostprocessing = 0;
		};
/* End PBXResourcesBuildPhase section */

/* Begin PBXSourcesBuildPhase section */
		66AF75571D6C33E100BC3F46 /* Sources */ = {
			isa = PBXSourcesBuildPhase;
			buildActionMask = 2147483647;
			files = (
				66AF75661D6C33E100BC3F46 /* ViewController.m in Sources */,
				66AF75631D6C33E100BC3F46 /* AppDelegate.m in Sources */,
				66AF75601D6C33E100BC3F46 /* main.m in Sources */,
			);
			runOnlyForDeploymentPostprocessing = 0;
		};
/* End PBXSourcesBuildPhase section */

/* Begin PBXVariantGroup section */
		66AF75671D6C33E100BC3F46 /* Main.storyboard */ = {
			isa = PBXVariantGroup;
			children = (
				66AF75681D6C33E100BC3F46 /* Base */,
			);
			name = Main.storyboard;
			sourceTree = "<group>";
		};
		66AF756C1D6C33E100BC3F46 /* LaunchScreen.storyboard */ = {
			isa = PBXVariantGroup;
			children = (
				66AF756D1D6C33E100BC3F46 /* Base */,
			);
			name = LaunchScreen.storyboard;
			sourceTree = "<group>";
		};
/* End PBXVariantGroup section */

/* Begin XCBuildConfiguration section */
		66AF75701D6C33E100BC3F46 /* Debug */ = {
			isa = XCBuildConfiguration;
			buildSettings = {
				ALWAYS_SEARCH_USER_PATHS = NO;
				CLANG_ANALYZER_NONNULL = YES;
				CLANG_CXX_LANGUAGE_STANDARD = "gnu++0x";
				CLANG_CXX_LIBRARY = "libc++";
				CLANG_ENABLE_MODULES = YES;
				CLANG_ENABLE_OBJC_ARC = YES;
				CLANG_WARN_BOOL_CONVERSION = YES;
				CLANG_WARN_CONSTANT_CONVERSION = YES;
				CLANG_WARN_DIRECT_OBJC_ISA_USAGE = YES_ERROR;
				CLANG_WARN_EMPTY_BODY = YES;
				CLANG_WARN_ENUM_CONVERSION = YES;
				CLANG_WARN_INT_CONVERSION = YES;
				CLANG_WARN_OBJC_ROOT_CLASS = YES_ERROR;
				CLANG_WARN_UNREACHABLE_CODE = YES;
				CLANG_WARN__DUPLICATE_METHOD_MATCH = YES;
				"CODE_SIGN_IDENTITY[sdk=iphoneos*]" = "iPhone Developer";
				COPY_PHASE_STRIP = NO;
				DEBUG_INFORMATION_FORMAT = dwarf;
				ENABLE_STRICT_OBJC_MSGSEND = YES;
				ENABLE_TESTABILITY = YES;
				GCC_C_LANGUAGE_STANDARD = gnu99;
				GCC_DYNAMIC_NO_PIC = NO;
				GCC_NO_COMMON_BLOCKS = YES;
				GCC_OPTIMIZATION_LEVEL = 0;
				GCC_PREPROCESSOR_DEFINITIONS = (
					"DEBUG=1",
					"$(inherited)",
				);
				GCC_WARN_64_TO_32_BIT_CONVERSION = YES;
				GCC_WARN_ABOUT_RETURN_TYPE = YES_ERROR;
				GCC_WARN_UNDECLARED_SELECTOR = YES;
				GCC_WARN_UNINITIALIZED_AUTOS = YES_AGGRESSIVE;
				GCC_WARN_UNUSED_FUNCTION = YES;
				GCC_WARN_UNUSED_VARIABLE = YES;
				IPHONEOS_DEPLOYMENT_TARGET = 9.3;
				MTL_ENABLE_DEBUG_INFO = YES;
				ONLY_ACTIVE_ARCH = YES;
				SDKROOT = iphoneos;
				TARGETED_DEVICE_FAMILY = "1,2";
			};
			name = Debug;
		};
		66AF75711D6C33E100BC3F46 /* Release */ = {
			isa = XCBuildConfiguration;
			buildSettings = {
				ALWAYS_SEARCH_USER_PATHS = NO;
				CLANG_ANALYZER_NONNULL = YES;
				CLANG_CXX_LANGUAGE_STANDARD = "gnu++0x";
				CLANG_CXX_LIBRARY = "libc++";
				CLANG_ENABLE_MODULES = YES;
				CLANG_ENABLE_OBJC_ARC = YES;
				CLANG_WARN_BOOL_CONVERSION = YES;
				CLANG_WARN_CONSTANT_CONVERSION = YES;
				CLANG_WARN_DIRECT_OBJC_ISA_USAGE = YES_ERROR;
				CLANG_WARN_EMPTY_BODY = YES;
				CLANG_WARN_ENUM_CONVERSION = YES;
				CLANG_WARN_INT_CONVERSION = YES;
				CLANG_WARN_OBJC_ROOT_CLASS = YES_ERROR;
				CLANG_WARN_UNREACHABLE_CODE = YES;
				CLANG_WARN__DUPLICATE_METHOD_MATCH = YES;
				"CODE_SIGN_IDENTITY[sdk=iphoneos*]" = "iPhone Developer";
				COPY_PHASE_STRIP = NO;
				DEBUG_INFORMATION_FORMAT = "dwarf-with-dsym";
				ENABLE_NS_ASSERTIONS = NO;
				ENABLE_STRICT_OBJC_MSGSEND = YES;
				GCC_C_LANGUAGE_STANDARD = gnu99;
				GCC_NO_COMMON_BLOCKS = YES;
				GCC_WARN_64_TO_32_BIT_CONVERSION = YES;
				GCC_WARN_ABOUT_RETURN_TYPE = YES_ERROR;
				GCC_WARN_UNDECLARED_SELECTOR = YES;
				GCC_WARN_UNINITIALIZED_AUTOS = YES_AGGRESSIVE;
				GCC_WARN_UNUSED_FUNCTION = YES;
				GCC_WARN_UNUSED_VARIABLE = YES;
				IPHONEOS_DEPLOYMENT_TARGET = 9.3;
				MTL_ENABLE_DEBUG_INFO = NO;
				SDKROOT = iphoneos;
				TARGETED_DEVICE_FAMILY = "1,2";
				VALIDATE_PRODUCT = YES;
			};
			name = Release;
		};
		66AF75731D6C33E100BC3F46 /* Debug */ = {
			isa = XCBuildConfiguration;
			buildSettings = {
				ASSETCATALOG_COMPILER_APPICON_NAME = AppIcon;
				FRAMEWORK_SEARCH_PATHS = (
					"$(inherited)",
					"$(PROJECT_DIR)/facebook/Framework",
				);
				INFOPLIST_FILE = facebook/Info.plist;
				LD_RUNPATH_SEARCH_PATHS = "$(inherited) @executable_path/Frameworks";
				PRODUCT_BUNDLE_IDENTIFIER = tn.odc.facebook;
				PRODUCT_NAME = "$(TARGET_NAME)";
			};
			name = Debug;
		};
		66AF75741D6C33E100BC3F46 /* Release */ = {
			isa = XCBuildConfiguration;
			buildSettings = {
				ASSETCATALOG_COMPILER_APPICON_NAME = AppIcon;
				FRAMEWORK_SEARCH_PATHS = (
					"$(inherited)",
					"$(PROJECT_DIR)/facebook/Framework",
				);
				INFOPLIST_FILE = facebook/Info.plist;
				LD_RUNPATH_SEARCH_PATHS = "$(inherited) @executable_path/Frameworks";
				PRODUCT_BUNDLE_IDENTIFIER = tn.odc.facebook;
				PRODUCT_NAME = "$(TARGET_NAME)";
			};
			name = Release;
		};
/* End XCBuildConfiguration section */

/* Begin XCConfigurationList section */
		66AF75561D6C33E100BC3F46 /* Build configuration list for PBXProject "facebook" */ = {
			isa = XCConfigurationList;
			buildConfigurations = (
				66AF75701D6C33E100BC3F46 /* Debug */,
				66AF75711D6C33E100BC3F46 /* Release */,
			);
			defaultConfigurationIsVisible = 0;
			defaultConfigurationName = Release;
		};
		66AF75721D6C33E100BC3F46 /* Build configuration list for PBXNativeTarget "facebook" */ = {
			isa = XCConfigurationList;
			buildConfigurations = (
				66AF75731D6C33E100BC3F46 /* Debug */,
				66AF75741D6C33E100BC3F46 /* Release */,
			);
			defaultConfigurationIsVisible = 0;
			defaultConfigurationName = Release;
		};
/* End XCConfigurationList section */
	};
	rootObject = 66AF75531D6C33E100BC3F46 /* Project object */;
}
